
Microsoft Visual Studio Solution File, Format Version 11.00
# Visual Studio 2010
Project("{FAE04EC0-301F-11D3-BF4B-00C04F79EFBC}") = "Runner", "Runner\Runner\Runner.csproj", "{C02D0F8C-9B9A-41DA-8B26-FEFB24FBB317}"
EndProject
Project("{FAE04EC0-301F-11D3-BF4B-00C04F79EFBC}") = "RunnerContent", "Runner\RunnerContent\RunnerContent.contentproj", "{BD8021E1-D272-44B4-B739-34659A78A8C6}"
EndProject
Global
	GlobalSection(SolutionConfigurationPlatforms) = preSolution
		Debug|x86 = Debug|x86
		Release|x86 = Release|x86
	EndGlobalSection
	GlobalSection(ProjectConfigurationPlatforms) = postSolution
		{C02D0F8C-9B9A-41DA-8B26-FEFB24FBB317}.Debug|x86.ActiveCfg = Debug|x86
		{C02D0F8C-9B9A-41DA-8B26-FEFB24FBB317}.Debug|x86.Build.0 = Debug|x86
		{C02D0F8C-9B9A-41DA-8B26-FEFB24FBB317}.Release|x86.ActiveCfg = Release|x86
		{C02D0F8C-9B9A-41DA-8B26-FEFB24FBB317}.Release|x86.Build.0 = Release|x86
		{BD8021E1-D272-44B4-B739-34659A78A8C6}.Debug|x86.ActiveCfg = Debug|x86
		{BD8021E1-D272-44B4-B739-34659A78A8C6}.Release|x86.ActiveCfg = Release|x86
	EndGlobalSection
	GlobalSection(SolutionProperties) = preSolution
		HideSolutionNode = FALSE
	EndGlobalSection
EndGlobal
